{
  "requires": true,
  "lockfileVersion": 1,
  "dependencies": {
    "moment": {
      "version": "2.22.0",
      "resolved": "https://registry.npmjs.org/moment/-/moment-2.22.0.tgz",
      "integrity": "sha512-1muXCh8jb1N/gHRbn9VDUBr0GYb8A/aVcHlII9QSB68a50spqEVLIGN6KVmCOnSvJrUhC0edGgKU5ofnGXdYdg==",
      "optional": true
    },
    "pikaday": {
      "version": "1.7.0",
      "resolved": "https://registry.npmjs.org/pikaday/-/pikaday-1.7.0.tgz",
      "integrity": "sha512-b1z65oFulNTKOdcg9+wTnZWBzfekf1AqPMCmmK9qH6aT7stqDyh76G6nLeuYr3WqchjW/7QLOBFmok14sCecsA==",
      "requires": {
        "moment": "2.22.0"
      }
    }
  }
}
